
Microsoft Visual Studio Solution File, Format Version 12.00
# Visual Studio Version 16
VisualStudioVersion = 16.0.30907.101
MinimumVisualStudioVersion = 10.0.40219.1
Project("{9A19103F-16F7-4668-BE54-9A1E7A4F7556}") = "Arrays", "Arrays\Arrays.csproj", "{B9C9FA67-9E08-4F26-9DE4-EEF6CB711433}"
EndProject
Project("{9A19103F-16F7-4668-BE54-9A1E7A4F7556}") = "two", "two\two.csproj", "{0B5EC412-6965-4BB4-8A58-9B3BF3050960}"
EndProject
Project("{FAE04EC0-301F-11D3-BF4B-00C04F79EFBC}") = "third", "third\third.csproj", "{C3CE05B2-DE7A-4323-8724-56BA0CD04FA2}"
EndProject
Project("{FAE04EC0-301F-11D3-BF4B-00C04F79EFBC}") = "four", "four\four.csproj", "{0A76F5CF-CB9A-41CE-B427-78B2FDF91807}"
EndProject
Project("{FAE04EC0-301F-11D3-BF4B-00C04F79EFBC}") = "five", "five\five.csproj", "{46F947A7-801B-4346-BCF0-1D4237100F14}"
EndProject
Global
	GlobalSection(SolutionConfigurationPlatforms) = preSolution
		Debug|Any CPU = Debug|Any CPU
		Release|Any CPU = Release|Any CPU
	EndGlobalSection
	GlobalSection(ProjectConfigurationPlatforms) = postSolution
		{B9C9FA67-9E08-4F26-9DE4-EEF6CB711433}.Debug|Any CPU.ActiveCfg = Debug|Any CPU
		{B9C9FA67-9E08-4F26-9DE4-EEF6CB711433}.Debug|Any CPU.Build.0 = Debug|Any CPU
		{B9C9FA67-9E08-4F26-9DE4-EEF6CB711433}.Release|Any CPU.ActiveCfg = Release|Any CPU
		{B9C9FA67-9E08-4F26-9DE4-EEF6CB711433}.Release|Any CPU.Build.0 = Release|Any CPU
		{0B5EC412-6965-4BB4-8A58-9B3BF3050960}.Debug|Any CPU.ActiveCfg = Debug|Any CPU
		{0B5EC412-6965-4BB4-8A58-9B3BF3050960}.Debug|Any CPU.Build.0 = Debug|Any CPU
		{0B5EC412-6965-4BB4-8A58-9B3BF3050960}.Release|Any CPU.ActiveCfg = Release|Any CPU
		{0B5EC412-6965-4BB4-8A58-9B3BF3050960}.Release|Any CPU.Build.0 = Release|Any CPU
		{C3CE05B2-DE7A-4323-8724-56BA0CD04FA2}.Debug|Any CPU.ActiveCfg = Debug|Any CPU
		{C3CE05B2-DE7A-4323-8724-56BA0CD04FA2}.Debug|Any CPU.Build.0 = Debug|Any CPU
		{C3CE05B2-DE7A-4323-8724-56BA0CD04FA2}.Release|Any CPU.ActiveCfg = Release|Any CPU
		{C3CE05B2-DE7A-4323-8724-56BA0CD04FA2}.Release|Any CPU.Build.0 = Release|Any CPU
		{0A76F5CF-CB9A-41CE-B427-78B2FDF91807}.Debug|Any CPU.ActiveCfg = Debug|Any CPU
		{0A76F5CF-CB9A-41CE-B427-78B2FDF91807}.Debug|Any CPU.Build.0 = Debug|Any CPU
		{0A76F5CF-CB9A-41CE-B427-78B2FDF91807}.Release|Any CPU.ActiveCfg = Release|Any CPU
		{0A76F5CF-CB9A-41CE-B427-78B2FDF91807}.Release|Any CPU.Build.0 = Release|Any CPU
		{46F947A7-801B-4346-BCF0-1D4237100F14}.Debug|Any CPU.ActiveCfg = Debug|Any CPU
		{46F947A7-801B-4346-BCF0-1D4237100F14}.Debug|Any CPU.Build.0 = Debug|Any CPU
		{46F947A7-801B-4346-BCF0-1D4237100F14}.Release|Any CPU.ActiveCfg = Release|Any CPU
		{46F947A7-801B-4346-BCF0-1D4237100F14}.Release|Any CPU.Build.0 = Release|Any CPU
	EndGlobalSection
	GlobalSection(SolutionProperties) = preSolution
		HideSolutionNode = FALSE
	EndGlobalSection
	GlobalSection(ExtensibilityGlobals) = postSolution
		SolutionGuid = {BECE37AB-E94C-459A-95B4-AF769CDB0E7F}
	EndGlobalSection
EndGlobal
