
Microsoft Visual Studio Solution File, Format Version 12.00
# Visual Studio Version 16
VisualStudioVersion = 16.0.31424.327
MinimumVisualStudioVersion = 10.0.40219.1
Project("{FAE04EC0-301F-11D3-BF4B-00C04F79EFBC}") = "Easter", "Easter\Easter.csproj", "{762AEA45-DF93-4D41-9B20-2501AEB897A2}"
EndProject
Global
	GlobalSection(SolutionConfigurationPlatforms) = preSolution
		Debug|Any CPU = Debug|Any CPU
		Release|Any CPU = Release|Any CPU
	EndGlobalSection
	GlobalSection(ProjectConfigurationPlatforms) = postSolution
		{762AEA45-DF93-4D41-9B20-2501AEB897A2}.Debug|Any CPU.ActiveCfg = Debug|Any CPU
		{762AEA45-DF93-4D41-9B20-2501AEB897A2}.Debug|Any CPU.Build.0 = Debug|Any CPU
		{762AEA45-DF93-4D41-9B20-2501AEB897A2}.Release|Any CPU.ActiveCfg = Release|Any CPU
		{762AEA45-DF93-4D41-9B20-2501AEB897A2}.Release|Any CPU.Build.0 = Release|Any CPU
	EndGlobalSection
	GlobalSection(SolutionProperties) = preSolution
		HideSolutionNode = FALSE
	EndGlobalSection
	GlobalSection(ExtensibilityGlobals) = postSolution
		SolutionGuid = {821727EF-D437-4733-B4F0-20F221FA428E}
	EndGlobalSection
EndGlobal
