
Microsoft Visual Studio Solution File, Format Version 12.00
# Visual Studio Version 16
VisualStudioVersion = 16.0.31105.61
MinimumVisualStudioVersion = 10.0.40219.1
Project("{9A19103F-16F7-4668-BE54-9A1E7A4F7556}") = "one", "one\one.csproj", "{5A9FE8C5-1363-4F43-89C5-922E8663CEFA}"
EndProject
Project("{9A19103F-16F7-4668-BE54-9A1E7A4F7556}") = "SpeedRacing", "SpeedRacing\SpeedRacing.csproj", "{C8C9F8E0-184A-4042-B294-978B6D303A9A}"
EndProject
Project("{9A19103F-16F7-4668-BE54-9A1E7A4F7556}") = "RawData", "RawData\RawData.csproj", "{5E25C7BE-0BB4-46F5-936C-AE5A951BD9F6}"
EndProject
Project("{9A19103F-16F7-4668-BE54-9A1E7A4F7556}") = "CarSalesman", "CarSalesman\CarSalesman.csproj", "{28E08076-E40E-4ECB-B892-FC0C858A8FA0}"
EndProject
Project("{FAE04EC0-301F-11D3-BF4B-00C04F79EFBC}") = "PokemonTrainer", "PokemonTrainer\PokemonTrainer.csproj", "{55694420-8880-4CA9-B365-EEC5184136D4}"
EndProject
Global
	GlobalSection(SolutionConfigurationPlatforms) = preSolution
		Debug|Any CPU = Debug|Any CPU
		Release|Any CPU = Release|Any CPU
	EndGlobalSection
	GlobalSection(ProjectConfigurationPlatforms) = postSolution
		{5A9FE8C5-1363-4F43-89C5-922E8663CEFA}.Debug|Any CPU.ActiveCfg = Debug|Any CPU
		{5A9FE8C5-1363-4F43-89C5-922E8663CEFA}.Debug|Any CPU.Build.0 = Debug|Any CPU
		{5A9FE8C5-1363-4F43-89C5-922E8663CEFA}.Release|Any CPU.ActiveCfg = Release|Any CPU
		{5A9FE8C5-1363-4F43-89C5-922E8663CEFA}.Release|Any CPU.Build.0 = Release|Any CPU
		{C8C9F8E0-184A-4042-B294-978B6D303A9A}.Debug|Any CPU.ActiveCfg = Debug|Any CPU
		{C8C9F8E0-184A-4042-B294-978B6D303A9A}.Debug|Any CPU.Build.0 = Debug|Any CPU
		{C8C9F8E0-184A-4042-B294-978B6D303A9A}.Release|Any CPU.ActiveCfg = Release|Any CPU
		{C8C9F8E0-184A-4042-B294-978B6D303A9A}.Release|Any CPU.Build.0 = Release|Any CPU
		{5E25C7BE-0BB4-46F5-936C-AE5A951BD9F6}.Debug|Any CPU.ActiveCfg = Debug|Any CPU
		{5E25C7BE-0BB4-46F5-936C-AE5A951BD9F6}.Debug|Any CPU.Build.0 = Debug|Any CPU
		{5E25C7BE-0BB4-46F5-936C-AE5A951BD9F6}.Release|Any CPU.ActiveCfg = Release|Any CPU
		{5E25C7BE-0BB4-46F5-936C-AE5A951BD9F6}.Release|Any CPU.Build.0 = Release|Any CPU
		{28E08076-E40E-4ECB-B892-FC0C858A8FA0}.Debug|Any CPU.ActiveCfg = Debug|Any CPU
		{28E08076-E40E-4ECB-B892-FC0C858A8FA0}.Debug|Any CPU.Build.0 = Debug|Any CPU
		{28E08076-E40E-4ECB-B892-FC0C858A8FA0}.Release|Any CPU.ActiveCfg = Release|Any CPU
		{28E08076-E40E-4ECB-B892-FC0C858A8FA0}.Release|Any CPU.Build.0 = Release|Any CPU
		{55694420-8880-4CA9-B365-EEC5184136D4}.Debug|Any CPU.ActiveCfg = Debug|Any CPU
		{55694420-8880-4CA9-B365-EEC5184136D4}.Debug|Any CPU.Build.0 = Debug|Any CPU
		{55694420-8880-4CA9-B365-EEC5184136D4}.Release|Any CPU.ActiveCfg = Release|Any CPU
		{55694420-8880-4CA9-B365-EEC5184136D4}.Release|Any CPU.Build.0 = Release|Any CPU
	EndGlobalSection
	GlobalSection(SolutionProperties) = preSolution
		HideSolutionNode = FALSE
	EndGlobalSection
	GlobalSection(ExtensibilityGlobals) = postSolution
		SolutionGuid = {7D23902B-ECCF-46AA-BFFC-1E9F8BFDD18F}
	EndGlobalSection
EndGlobal
